// !$*UTF8*$!
{
	archiveVersion = 1;
	classes = {
	};
	objectVersion = 56;
	objects = {

/* Begin PBXBuildFile section */
		CC3B006A2950D082000A8CAF /* AppDelegate.swift in Sources */ = {isa = PBXBuildFile; fileRef = CC3B00692950D082000A8CAF /* AppDelegate.swift */; };
		CC3B006C2950D082000A8CAF /* SceneDelegate.swift in Sources */ = {isa = PBXBuildFile; fileRef = CC3B006B2950D082000A8CAF /* SceneDelegate.swift */; };
		CC3B006E2950D082000A8CAF /* ViewController.swift in Sources */ = {isa = PBXBuildFile; fileRef = CC3B006D2950D082000A8CAF /* ViewController.swift */; };
		CC3B00712950D082000A8CAF /* Main.storyboard in Resources */ = {isa = PBXBuildFile; fileRef = CC3B006F2950D082000A8CAF /* Main.storyboard */; };
		CC3B00732950D084000A8CAF /* Assets.xcassets in Resources */ = {isa = PBXBuildFile; fileRef = CC3B00722950D084000A8CAF /* Assets.xcassets */; };
		CC3B00762950D084000A8CAF /* LaunchScreen.storyboard in Resources */ = {isa = PBXBuildFile; fileRef = CC3B00742950D084000A8CAF /* LaunchScreen.storyboard */; };
		CC3B007E2950D693000A8CAF /* Models.swift in Sources */ = {isa = PBXBuildFile; fileRef = CC3B007D2950D693000A8CAF /* Models.swift */; };
		CC3B00812950DA08000A8CAF /* MovieTableViewCell.swift in Sources */ = {isa = PBXBuildFile; fileRef = CC3B007F2950DA08000A8CAF /* MovieTableViewCell.swift */; };
		CC3B00822950DA08000A8CAF /* MovieUItaTableViewCell.xib in Resources */ = {isa = PBXBuildFile; fileRef = CC3B00802950DA08000A8CAF /* MovieUItaTableViewCell.xib */; };
/* End PBXBuildFile section */

/* Begin PBXFileReference section */
		CC3B00662950D082000A8CAF /* Movie Search.app */ = {isa = PBXFileReference; explicitFileType = wrapper.application; includeInIndex = 0; path = "Movie Search.app"; sourceTree = BUILT_PRODUCTS_DIR; };
		CC3B00692950D082000A8CAF /* AppDelegate.swift */ = {isa = PBXFileReference; lastKnownFileType = sourcecode.swift; path = AppDelegate.swift; sourceTree = "<group>"; };
		CC3B006B2950D082000A8CAF /* SceneDelegate.swift */ = {isa = PBXFileReference; lastKnownFileType = sourcecode.swift; path = SceneDelegate.swift; sourceTree = "<group>"; };
		CC3B006D2950D082000A8CAF /* ViewController.swift */ = {isa = PBXFileReference; lastKnownFileType = sourcecode.swift; path = ViewController.swift; sourceTree = "<group>"; };
		CC3B00702950D082000A8CAF /* Base */ = {isa = PBXFileReference; lastKnownFileType = file.storyboard; name = Base; path = Base.lproj/Main.storyboard; sourceTree = "<group>"; };
		CC3B00722950D084000A8CAF /* Assets.xcassets */ = {isa = PBXFileReference; lastKnownFileType = folder.assetcatalog; path = Assets.xcassets; sourceTree = "<group>"; };
		CC3B00752950D084000A8CAF /* Base */ = {isa = PBXFileReference; lastKnownFileType = file.storyboard; name = Base; path = Base.lproj/LaunchScreen.storyboard; sourceTree = "<group>"; };
		CC3B00772950D084000A8CAF /* Info.plist */ = {isa = PBXFileReference; lastKnownFileType = text.plist.xml; path = Info.plist; sourceTree = "<group>"; };
		CC3B007D2950D693000A8CAF /* Models.swift */ = {isa = PBXFileReference; lastKnownFileType = sourcecode.swift; path = Models.swift; sourceTree = "<group>"; };
		CC3B007F2950DA08000A8CAF /* MovieTableViewCell.swift */ = {isa = PBXFileReference; lastKnownFileType = sourcecode.swift; path = MovieTableViewCell.swift; sourceTree = "<group>"; };
		CC3B00802950DA08000A8CAF /* MovieUItaTableViewCell.xib */ = {isa = PBXFileReference; lastKnownFileType = file.xib; path = MovieUItaTableViewCell.xib; sourceTree = "<group>"; };
/* End PBXFileReference section */

/* Begin PBXFrameworksBuildPhase section */
		CC3B00632950D082000A8CAF /* Frameworks */ = {
			isa = PBXFrameworksBuildPhase;
			buildActionMask = 2147483647;
			files = (
			);
			runOnlyForDeploymentPostprocessing = 0;
		};
/* End PBXFrameworksBuildPhase section */

/* Begin PBXGroup section */
		CC3B005D2950D082000A8CAF = {
			isa = PBXGroup;
			children = (
				CC3B00682950D082000A8CAF /* Movie Search */,
				CC3B00672950D082000A8CAF /* Products */,
			);
			sourceTree = "<group>";
		};
		CC3B00672950D082000A8CAF /* Products */ = {
			isa = PBXGroup;
			children = (
				CC3B00662950D082000A8CAF /* Movie Search.app */,
			);
			name = Products;
			sourceTree = "<group>";
		};
		CC3B00682950D082000A8CAF /* Movie Search */ = {
			isa = PBXGroup;
			children = (
				CC3B00692950D082000A8CAF /* AppDelegate.swift */,
				CC3B006B2950D082000A8CAF /* SceneDelegate.swift */,
				CC3B006D2950D082000A8CAF /* ViewController.swift */,
				CC3B007F2950DA08000A8CAF /* MovieTableViewCell.swift */,
				CC3B00802950DA08000A8CAF /* MovieUItaTableViewCell.xib */,
				CC3B007D2950D693000A8CAF /* Models.swift */,
				CC3B006F2950D082000A8CAF /* Main.storyboard */,
				CC3B00722950D084000A8CAF /* Assets.xcassets */,
				CC3B00742950D084000A8CAF /* LaunchScreen.storyboard */,
				CC3B00772950D084000A8CAF /* Info.plist */,
			);
			path = "Movie Search";
			sourceTree = "<group>";
		};
/* End PBXGroup section */

/* Begin PBXNativeTarget section */
		CC3B00652950D082000A8CAF /* Movie Search */ = {
			isa = PBXNativeTarget;
			buildConfigurationList = CC3B007A2950D084000A8CAF /* Build configuration list for PBXNativeTarget "Movie Search" */;
			buildPhases = (
				CC3B00622950D082000A8CAF /* Sources */,
				CC3B00632950D082000A8CAF /* Frameworks */,
				CC3B00642950D082000A8CAF /* Resources */,
			);
			buildRules = (
			);
			dependencies = (
			);
			name = "Movie Search";
			productName = "Movie Search";
			productReference = CC3B00662950D082000A8CAF /* Movie Search.app */;
			productType = "com.apple.product-type.application";
		};
/* End PBXNativeTarget section */

/* Begin PBXProject section */
		CC3B005E2950D082000A8CAF /* Project object */ = {
			isa = PBXProject;
			attributes = {
				BuildIndependentTargetsInParallel = 1;
				LastSwiftUpdateCheck = 1420;
				LastUpgradeCheck = 1420;
				TargetAttributes = {
					CC3B00652950D082000A8CAF = {
						CreatedOnToolsVersion = 14.2;
					};
				};
			};
			buildConfigurationList = CC3B00612950D082000A8CAF /* Build configuration list for PBXProject "Movie Search" */;
			compatibilityVersion = "Xcode 14.0";
			developmentRegion = en;
			hasScannedForEncodings = 0;
			knownRegions = (
				en,
				Base,
			);
			mainGroup = CC3B005D2950D082000A8CAF;
			productRefGroup = CC3B00672950D082000A8CAF /* Products */;
			projectDirPath = "";
			projectRoot = "";
			targets = (
				CC3B00652950D082000A8CAF /* Movie Search */,
			);
		};
/* End PBXProject section */

/* Begin PBXResourcesBuildPhase section */
		CC3B00642950D082000A8CAF /* Resources */ = {
			isa = PBXResourcesBuildPhase;
			buildActionMask = 2147483647;
			files = (
				CC3B00762950D084000A8CAF /* LaunchScreen.storyboard in Resources */,
				CC3B00822950DA08000A8CAF /* MovieUItaTableViewCell.xib in Resources */,
				CC3B00732950D084000A8CAF /* Assets.xcassets in Resources */,
				CC3B00712950D082000A8CAF /* Main.storyboard in Resources */,
			);
			runOnlyForDeploymentPostprocessing = 0;
		};
/* End PBXResourcesBuildPhase section */

/* Begin PBXSourcesBuildPhase section */
		CC3B00622950D082000A8CAF /* Sources */ = {
			isa = PBXSourcesBuildPhase;
			buildActionMask = 2147483647;
			files = (
				CC3B006E2950D082000A8CAF /* ViewController.swift in Sources */,
				CC3B006A2950D082000A8CAF /* AppDelegate.swift in Sources */,
				CC3B00812950DA08000A8CAF /* MovieTableViewCell.swift in Sources */,
				CC3B006C2950D082000A8CAF /* SceneDelegate.swift in Sources */,
				CC3B007E2950D693000A8CAF /* Models.swift in Sources */,
			);
			runOnlyForDeploymentPostprocessing = 0;
		};
/* End PBXSourcesBuildPhase section */

/* Begin PBXVariantGroup section */
		CC3B006F2950D082000A8CAF /* Main.storyboard */ = {
			isa = PBXVariantGroup;
			children = (
				CC3B00702950D082000A8CAF /* Base */,
			);
			name = Main.storyboard;
			sourceTree = "<group>";
		};
		CC3B00742950D084000A8CAF /* LaunchScreen.storyboard */ = {
			isa = PBXVariantGroup;
			children = (
				CC3B00752950D084000A8CAF /* Base */,
			);
			name = LaunchScreen.storyboard;
			sourceTree = "<group>";
		};
/* End PBXVariantGroup section */

/* Begin XCBuildConfiguration section */
		CC3B00782950D084000A8CAF /* Debug */ = {
			isa = XCBuildConfiguration;
			buildSettings = {
				ALWAYS_SEARCH_USER_PATHS = NO;
				CLANG_ANALYZER_NONNULL = YES;
				CLANG_ANALYZER_NUMBER_OBJECT_CONVERSION = YES_AGGRESSIVE;
				CLANG_CXX_LANGUAGE_STANDARD = "gnu++20";
				CLANG_ENABLE_MODULES = YES;
				CLANG_ENABLE_OBJC_ARC = YES;
				CLANG_ENABLE_OBJC_WEAK = YES;
				CLANG_WARN_BLOCK_CAPTURE_AUTORELEASING = YES;
				CLANG_WARN_BOOL_CONVERSION = YES;
				CLANG_WARN_COMMA = YES;
				CLANG_WARN_CONSTANT_CONVERSION = YES;
				CLANG_WARN_DEPRECATED_OBJC_IMPLEMENTATIONS = YES;
				CLANG_WARN_DIRECT_OBJC_ISA_USAGE = YES_ERROR;
				CLANG_WARN_DOCUMENTATION_COMMENTS = YES;
				CLANG_WARN_EMPTY_BODY = YES;
				CLANG_WARN_ENUM_CONVERSION = YES;
				CLANG_WARN_INFINITE_RECURSION = YES;
				CLANG_WARN_INT_CONVERSION = YES;
				CLANG_WARN_NON_LITERAL_NULL_CONVERSION = YES;
				CLANG_WARN_OBJC_IMPLICIT_RETAIN_SELF = YES;
				CLANG_WARN_OBJC_LITERAL_CONVERSION = YES;
				CLANG_WARN_OBJC_ROOT_CLASS = YES_ERROR;
				CLANG_WARN_QUOTED_INCLUDE_IN_FRAMEWORK_HEADER = YES;
				CLANG_WARN_RANGE_LOOP_ANALYSIS = YES;
				CLANG_WARN_STRICT_PROTOTYPES = YES;
				CLANG_WARN_SUSPICIOUS_MOVE = YES;
				CLANG_WARN_UNGUARDED_AVAILABILITY = YES_AGGRESSIVE;
				CLANG_WARN_UNREACHABLE_CODE = YES;
				CLANG_WARN__DUPLICATE_METHOD_MATCH = YES;
				COPY_PHASE_STRIP = NO;
				DEBUG_INFORMATION_FORMAT = dwarf;
				ENABLE_STRICT_OBJC_MSGSEND = YES;
				ENABLE_TESTABILITY = YES;
				GCC_C_LANGUAGE_STANDARD = gnu11;
				GCC_DYNAMIC_NO_PIC = NO;
				GCC_NO_COMMON_BLOCKS = YES;
				GCC_OPTIMIZATION_LEVEL = 0;
				GCC_PREPROCESSOR_DEFINITIONS = (
					"DEBUG=1",
					"$(inherited)",
				);
				GCC_WARN_64_TO_32_BIT_CONVERSION = YES;
				GCC_WARN_ABOUT_RETURN_TYPE = YES_ERROR;
				GCC_WARN_UNDECLARED_SELECTOR = YES;
				GCC_WARN_UNINITIALIZED_AUTOS = YES_AGGRESSIVE;
				GCC_WARN_UNUSED_FUNCTION = YES;
				GCC_WARN_UNUSED_VARIABLE = YES;
				IPHONEOS_DEPLOYMENT_TARGET = 16.2;
				MTL_ENABLE_DEBUG_INFO = INCLUDE_SOURCE;
				MTL_FAST_MATH = YES;
				ONLY_ACTIVE_ARCH = YES;
				SDKROOT = iphoneos;
				SWIFT_ACTIVE_COMPILATION_CONDITIONS = DEBUG;
				SWIFT_OPTIMIZATION_LEVEL = "-Onone";
			};
			name = Debug;
		};
		CC3B00792950D084000A8CAF /* Release */ = {
			isa = XCBuildConfiguration;
			buildSettings = {
				ALWAYS_SEARCH_USER_PATHS = NO;
				CLANG_ANALYZER_NONNULL = YES;
				CLANG_ANALYZER_NUMBER_OBJECT_CONVERSION = YES_AGGRESSIVE;
				CLANG_CXX_LANGUAGE_STANDARD = "gnu++20";
				CLANG_ENABLE_MODULES = YES;
				CLANG_ENABLE_OBJC_ARC = YES;
				CLANG_ENABLE_OBJC_WEAK = YES;
				CLANG_WARN_BLOCK_CAPTURE_AUTORELEASING = YES;
				CLANG_WARN_BOOL_CONVERSION = YES;
				CLANG_WARN_COMMA = YES;
				CLANG_WARN_CONSTANT_CONVERSION = YES;
				CLANG_WARN_DEPRECATED_OBJC_IMPLEMENTATIONS = YES;
				CLANG_WARN_DIRECT_OBJC_ISA_USAGE = YES_ERROR;
				CLANG_WARN_DOCUMENTATION_COMMENTS = YES;
				CLANG_WARN_EMPTY_BODY = YES;
				CLANG_WARN_ENUM_CONVERSION = YES;
				CLANG_WARN_INFINITE_RECURSION = YES;
				CLANG_WARN_INT_CONVERSION = YES;
				CLANG_WARN_NON_LITERAL_NULL_CONVERSION = YES;
				CLANG_WARN_OBJC_IMPLICIT_RETAIN_SELF = YES;
				CLANG_WARN_OBJC_LITERAL_CONVERSION = YES;
				CLANG_WARN_OBJC_ROOT_CLASS = YES_ERROR;
				CLANG_WARN_QUOTED_INCLUDE_IN_FRAMEWORK_HEADER = YES;
				CLANG_WARN_RANGE_LOOP_ANALYSIS = YES;
				CLANG_WARN_STRICT_PROTOTYPES = YES;
				CLANG_WARN_SUSPICIOUS_MOVE = YES;
				CLANG_WARN_UNGUARDED_AVAILABILITY = YES_AGGRESSIVE;
				CLANG_WARN_UNREACHABLE_CODE = YES;
				CLANG_WARN__DUPLICATE_METHOD_MATCH = YES;
				COPY_PHASE_STRIP = NO;
				DEBUG_INFORMATION_FORMAT = "dwarf-with-dsym";
				ENABLE_NS_ASSERTIONS = NO;
				ENABLE_STRICT_OBJC_MSGSEND = YES;
				GCC_C_LANGUAGE_STANDARD = gnu11;
				GCC_NO_COMMON_BLOCKS = YES;
				GCC_WARN_64_TO_32_BIT_CONVERSION = YES;
				GCC_WARN_ABOUT_RETURN_TYPE = YES_ERROR;
				GCC_WARN_UNDECLARED_SELECTOR = YES;
				GCC_WARN_UNINITIALIZED_AUTOS = YES_AGGRESSIVE;
				GCC_WARN_UNUSED_FUNCTION = YES;
				GCC_WARN_UNUSED_VARIABLE = YES;
				IPHONEOS_DEPLOYMENT_TARGET = 16.2;
				MTL_ENABLE_DEBUG_INFO = NO;
				MTL_FAST_MATH = YES;
				SDKROOT = iphoneos;
				SWIFT_COMPILATION_MODE = wholemodule;
				SWIFT_OPTIMIZATION_LEVEL = "-O";
				VALIDATE_PRODUCT = YES;
			};
			name = Release;
		};
		CC3B007B2950D084000A8CAF /* Debug */ = {
			isa = XCBuildConfiguration;
			buildSettings = {
				ASSETCATALOG_COMPILER_APPICON_NAME = AppIcon;
				ASSETCATALOG_COMPILER_GLOBAL_ACCENT_COLOR_NAME = AccentColor;
				CODE_SIGN_STYLE = Automatic;
				CURRENT_PROJECT_VERSION = 1;
				DEVELOPMENT_TEAM = 6QGWXNWMFJ;
				GENERATE_INFOPLIST_FILE = YES;
				INFOPLIST_FILE = "Movie Search/Info.plist";
				INFOPLIST_KEY_UIApplicationSupportsIndirectInputEvents = YES;
				INFOPLIST_KEY_UILaunchStoryboardName = LaunchScreen;
				INFOPLIST_KEY_UIMainStoryboardFile = Main;
				INFOPLIST_KEY_UISupportedInterfaceOrientations = UIInterfaceOrientationPortrait;
				INFOPLIST_KEY_UISupportedInterfaceOrientations_iPad = "UIInterfaceOrientationLandscapeLeft UIInterfaceOrientationLandscapeRight UIInterfaceOrientationPortrait UIInterfaceOrientationPortraitUpsideDown";
				LD_RUNPATH_SEARCH_PATHS = (
					"$(inherited)",
					"@executable_path/Frameworks",
				);
				MARKETING_VERSION = 1.0;
				PRODUCT_BUNDLE_IDENTIFIER = "ru.alexgaida.Movie-Search";
				PRODUCT_NAME = "$(TARGET_NAME)";
				SUPPORTED_PLATFORMS = "iphoneos iphonesimulator";
				SUPPORTS_MACCATALYST = NO;
				SUPPORTS_MAC_DESIGNED_FOR_IPHONE_IPAD = NO;
				SWIFT_EMIT_LOC_STRINGS = YES;
				SWIFT_VERSION = 5.0;
				TARGETED_DEVICE_FAMILY = 1;
			};
			name = Debug;
		};
		CC3B007C2950D084000A8CAF /* Release */ = {
			isa = XCBuildConfiguration;
			buildSettings = {
				ASSETCATALOG_COMPILER_APPICON_NAME = AppIcon;
				ASSETCATALOG_COMPILER_GLOBAL_ACCENT_COLOR_NAME = AccentColor;
				CODE_SIGN_STYLE = Automatic;
				CURRENT_PROJECT_VERSION = 1;
				DEVELOPMENT_TEAM = 6QGWXNWMFJ;
				GENERATE_INFOPLIST_FILE = YES;
				INFOPLIST_FILE = "Movie Search/Info.plist";
				INFOPLIST_KEY_UIApplicationSupportsIndirectInputEvents = YES;
				INFOPLIST_KEY_UILaunchStoryboardName = LaunchScreen;
				INFOPLIST_KEY_UIMainStoryboardFile = Main;
				INFOPLIST_KEY_UISupportedInterfaceOrientations = UIInterfaceOrientationPortrait;
				INFOPLIST_KEY_UISupportedInterfaceOrientations_iPad = "UIInterfaceOrientationLandscapeLeft UIInterfaceOrientationLandscapeRight UIInterfaceOrientationPortrait UIInterfaceOrientationPortraitUpsideDown";
				LD_RUNPATH_SEARCH_PATHS = (
					"$(inherited)",
					"@executable_path/Frameworks",
				);
				MARKETING_VERSION = 1.0;
				PRODUCT_BUNDLE_IDENTIFIER = "ru.alexgaida.Movie-Search";
				PRODUCT_NAME = "$(TARGET_NAME)";
				SUPPORTED_PLATFORMS = "iphoneos iphonesimulator";
				SUPPORTS_MACCATALYST = NO;
				SUPPORTS_MAC_DESIGNED_FOR_IPHONE_IPAD = NO;
				SWIFT_EMIT_LOC_STRINGS = YES;
				SWIFT_VERSION = 5.0;
				TARGETED_DEVICE_FAMILY = 1;
			};
			name = Release;
		};
/* End XCBuildConfiguration section */

/* Begin XCConfigurationList section */
		CC3B00612950D082000A8CAF /* Build configuration list for PBXProject "Movie Search" */ = {
			isa = XCConfigurationList;
			buildConfigurations = (
				CC3B00782950D084000A8CAF /* Debug */,
				CC3B00792950D084000A8CAF /* Release */,
			);
			defaultConfigurationIsVisible = 0;
			defaultConfigurationName = Release;
		};
		CC3B007A2950D084000A8CAF /* Build configuration list for PBXNativeTarget "Movie Search" */ = {
			isa = XCConfigurationList;
			buildConfigurations = (
				CC3B007B2950D084000A8CAF /* Debug */,
				CC3B007C2950D084000A8CAF /* Release */,
			);
			defaultConfigurationIsVisible = 0;
			defaultConfigurationName = Release;
		};
/* End XCConfigurationList section */
	};
	rootObject = CC3B005E2950D082000A8CAF /* Project object */;
}
